
Microsoft Visual Studio Solution File, Format Version 12.00
# Visual Studio Version 17
VisualStudioVersion = 17.6.33829.357
MinimumVisualStudioVersion = 10.0.40219.1
Project("{FAE04EC0-301F-11D3-BF4B-00C04F79EFBC}") = "ActionFlow", "ActionFlow.csproj", "{8EB94BDF-60AA-4581-8486-F6A3AC25DD40}"
EndProject
Global
	GlobalSection(SolutionConfigurationPlatforms) = preSolution
		Debug|Any CPU = Debug|Any CPU
		Release|Any CPU = Release|Any CPU
	EndGlobalSection
	GlobalSection(ProjectConfigurationPlatforms) = postSolution
		{8EB94BDF-60AA-4581-8486-F6A3AC25DD40}.Debug|Any CPU.ActiveCfg = Debug|Any CPU
		{8EB94BDF-60AA-4581-8486-F6A3AC25DD40}.Debug|Any CPU.Build.0 = Debug|Any CPU
		{8EB94BDF-60AA-4581-8486-F6A3AC25DD40}.Release|Any CPU.ActiveCfg = Release|Any CPU
		{8EB94BDF-60AA-4581-8486-F6A3AC25DD40}.Release|Any CPU.Build.0 = Release|Any CPU
	EndGlobalSection
	GlobalSection(SolutionProperties) = preSolution
		HideSolutionNode = FALSE
	EndGlobalSection
	GlobalSection(ExtensibilityGlobals) = postSolution
		SolutionGuid = {157E2014-67B6-43AA-85D5-304BD88DE941}
	EndGlobalSection
EndGlobal
